
Microsoft Visual Studio Solution File, Format Version 12.00
# Visual Studio Version 16
VisualStudioVersion = 16.0.30717.126
MinimumVisualStudioVersion = 10.0.40219.1
Project("{FAE04EC0-301F-11D3-BF4B-00C04F79EFBC}") = "PasswordChecker", "PasswordChecker\PasswordChecker.csproj", "{51FF0BCB-05AF-455B-94FE-F0098739E03C}"
EndProject
Global
	GlobalSection(SolutionConfigurationPlatforms) = preSolution
		Debug|Any CPU = Debug|Any CPU
		Release|Any CPU = Release|Any CPU
	EndGlobalSection
	GlobalSection(ProjectConfigurationPlatforms) = postSolution
		{51FF0BCB-05AF-455B-94FE-F0098739E03C}.Debug|Any CPU.ActiveCfg = Debug|Any CPU
		{51FF0BCB-05AF-455B-94FE-F0098739E03C}.Debug|Any CPU.Build.0 = Debug|Any CPU
		{51FF0BCB-05AF-455B-94FE-F0098739E03C}.Release|Any CPU.ActiveCfg = Release|Any CPU
		{51FF0BCB-05AF-455B-94FE-F0098739E03C}.Release|Any CPU.Build.0 = Release|Any CPU
	EndGlobalSection
	GlobalSection(SolutionProperties) = preSolution
		HideSolutionNode = FALSE
	EndGlobalSection
	GlobalSection(ExtensibilityGlobals) = postSolution
		SolutionGuid = {2F1720D0-55A9-40A1-8E81-9B676F5D7F05}
	EndGlobalSection
EndGlobal
